// !$*UTF8*$!
{
	archiveVersion = 1;
	classes = {
	};
	objectVersion = 48;
	objects = {

/* Begin PBXBuildFile section */
		F401B48120057D41004C487C /* SearchResultCell.xib in Resources */ = {isa = PBXBuildFile; fileRef = F401B48020057D41004C487C /* SearchResultCell.xib */; };
		F401B48320057F96004C487C /* SearchResultCell.swift in Sources */ = {isa = PBXBuildFile; fileRef = F401B48220057F96004C487C /* SearchResultCell.swift */; };
		F401B48520058139004C487C /* NothingFoundCell.xib in Resources */ = {isa = PBXBuildFile; fileRef = F401B48420058139004C487C /* NothingFoundCell.xib */; };
		F40AC6F8200EC24B0090AFF0 /* UIImageView+DownloadImage.swift in Sources */ = {isa = PBXBuildFile; fileRef = F40AC6F7200EC24B0090AFF0 /* UIImageView+DownloadImage.swift */; };
		F40AC6FB200ED2A20090AFF0 /* DetailViewController.swift in Sources */ = {isa = PBXBuildFile; fileRef = F40AC6FA200ED2A20090AFF0 /* DetailViewController.swift */; };
		F40AC6FD200EDB1A0090AFF0 /* DimmingPresentationController.swift in Sources */ = {isa = PBXBuildFile; fileRef = F40AC6FC200EDB1A0090AFF0 /* DimmingPresentationController.swift */; };
		F418E06520163850002FDC60 /* LandscapeViewController.swift in Sources */ = {isa = PBXBuildFile; fileRef = F418E06420163850002FDC60 /* LandscapeViewController.swift */; };
		F421B4F62012C47900D5FF11 /* GradientView.swift in Sources */ = {isa = PBXBuildFile; fileRef = F421B4F52012C47900D5FF11 /* GradientView.swift */; };
		F421B4F82012CC4C00D5FF11 /* BounceAnimationController.swift in Sources */ = {isa = PBXBuildFile; fileRef = F421B4F72012CC4C00D5FF11 /* BounceAnimationController.swift */; };
		F421B4FA2012D69100D5FF11 /* SlideOutAnimationController.swift in Sources */ = {isa = PBXBuildFile; fileRef = F421B4F92012D69100D5FF11 /* SlideOutAnimationController.swift */; };
		F4534FC0200A9E1E00262B29 /* LoadingCell.xib in Resources */ = {isa = PBXBuildFile; fileRef = F4534FBF200A9E1E00262B29 /* LoadingCell.xib */; };
		F4553B0420050E9E00884392 /* AppDelegate.swift in Sources */ = {isa = PBXBuildFile; fileRef = F4553B0320050E9E00884392 /* AppDelegate.swift */; };
		F4553B0620050E9E00884392 /* SearchViewController.swift in Sources */ = {isa = PBXBuildFile; fileRef = F4553B0520050E9E00884392 /* SearchViewController.swift */; };
		F4553B0920050E9E00884392 /* Main.storyboard in Resources */ = {isa = PBXBuildFile; fileRef = F4553B0720050E9E00884392 /* Main.storyboard */; };
		F4553B0B20050E9E00884392 /* Assets.xcassets in Resources */ = {isa = PBXBuildFile; fileRef = F4553B0A20050E9E00884392 /* Assets.xcassets */; };
		F4553B1620050F1F00884392 /* .gitignore in Resources */ = {isa = PBXBuildFile; fileRef = F4553B1520050F1F00884392 /* .gitignore */; };
		F4553B1820051A2100884392 /* SearchResult.swift in Sources */ = {isa = PBXBuildFile; fileRef = F4553B1720051A2100884392 /* SearchResult.swift */; };
/* End PBXBuildFile section */

/* Begin PBXFileReference section */
		F401B48020057D41004C487C /* SearchResultCell.xib */ = {isa = PBXFileReference; lastKnownFileType = file.xib; path = SearchResultCell.xib; sourceTree = "<group>"; };
		F401B48220057F96004C487C /* SearchResultCell.swift */ = {isa = PBXFileReference; lastKnownFileType = sourcecode.swift; path = SearchResultCell.swift; sourceTree = "<group>"; };
		F401B48420058139004C487C /* NothingFoundCell.xib */ = {isa = PBXFileReference; lastKnownFileType = file.xib; path = NothingFoundCell.xib; sourceTree = "<group>"; };
		F40AC6F7200EC24B0090AFF0 /* UIImageView+DownloadImage.swift */ = {isa = PBXFileReference; lastKnownFileType = sourcecode.swift; path = "UIImageView+DownloadImage.swift"; sourceTree = "<group>"; };
		F40AC6FA200ED2A20090AFF0 /* DetailViewController.swift */ = {isa = PBXFileReference; lastKnownFileType = sourcecode.swift; path = DetailViewController.swift; sourceTree = "<group>"; };
		F40AC6FC200EDB1A0090AFF0 /* DimmingPresentationController.swift */ = {isa = PBXFileReference; lastKnownFileType = sourcecode.swift; path = DimmingPresentationController.swift; sourceTree = "<group>"; };
		F418E06420163850002FDC60 /* LandscapeViewController.swift */ = {isa = PBXFileReference; lastKnownFileType = sourcecode.swift; path = LandscapeViewController.swift; sourceTree = "<group>"; };
		F421B4F52012C47900D5FF11 /* GradientView.swift */ = {isa = PBXFileReference; lastKnownFileType = sourcecode.swift; path = GradientView.swift; sourceTree = "<group>"; };
		F421B4F72012CC4C00D5FF11 /* BounceAnimationController.swift */ = {isa = PBXFileReference; lastKnownFileType = sourcecode.swift; path = BounceAnimationController.swift; sourceTree = "<group>"; };
		F421B4F92012D69100D5FF11 /* SlideOutAnimationController.swift */ = {isa = PBXFileReference; lastKnownFileType = sourcecode.swift; path = SlideOutAnimationController.swift; sourceTree = "<group>"; };
		F4534FBF200A9E1E00262B29 /* LoadingCell.xib */ = {isa = PBXFileReference; lastKnownFileType = file.xib; path = LoadingCell.xib; sourceTree = "<group>"; };
		F4553B0020050E9E00884392 /* procura.app */ = {isa = PBXFileReference; explicitFileType = wrapper.application; includeInIndex = 0; path = procura.app; sourceTree = BUILT_PRODUCTS_DIR; };
		F4553B0320050E9E00884392 /* AppDelegate.swift */ = {isa = PBXFileReference; lastKnownFileType = sourcecode.swift; path = AppDelegate.swift; sourceTree = "<group>"; };
		F4553B0520050E9E00884392 /* SearchViewController.swift */ = {isa = PBXFileReference; lastKnownFileType = sourcecode.swift; path = SearchViewController.swift; sourceTree = "<group>"; };
		F4553B0820050E9E00884392 /* Base */ = {isa = PBXFileReference; lastKnownFileType = file.storyboard; name = Base; path = Base.lproj/Main.storyboard; sourceTree = "<group>"; };
		F4553B0A20050E9E00884392 /* Assets.xcassets */ = {isa = PBXFileReference; lastKnownFileType = folder.assetcatalog; path = Assets.xcassets; sourceTree = "<group>"; };
		F4553B0F20050E9E00884392 /* Info.plist */ = {isa = PBXFileReference; lastKnownFileType = text.plist.xml; path = Info.plist; sourceTree = "<group>"; };
		F4553B1520050F1F00884392 /* .gitignore */ = {isa = PBXFileReference; fileEncoding = 4; lastKnownFileType = text; path = .gitignore; sourceTree = "<group>"; };
		F4553B1720051A2100884392 /* SearchResult.swift */ = {isa = PBXFileReference; lastKnownFileType = sourcecode.swift; path = SearchResult.swift; sourceTree = "<group>"; };
/* End PBXFileReference section */

/* Begin PBXFrameworksBuildPhase section */
		F4553AFD20050E9E00884392 /* Frameworks */ = {
			isa = PBXFrameworksBuildPhase;
			buildActionMask = 2147483647;
			files = (
			);
			runOnlyForDeploymentPostprocessing = 0;
		};
/* End PBXFrameworksBuildPhase section */

/* Begin PBXGroup section */
		F401B48620058CD3004C487C /* storyboard */ = {
			isa = PBXGroup;
			children = (
				F4553B0720050E9E00884392 /* Main.storyboard */,
				F401B48020057D41004C487C /* SearchResultCell.xib */,
				F401B48420058139004C487C /* NothingFoundCell.xib */,
				F4534FBF200A9E1E00262B29 /* LoadingCell.xib */,
			);
			path = storyboard;
			sourceTree = "<group>";
		};
		F40AC6F9200EC24F0090AFF0 /* utils */ = {
			isa = PBXGroup;
			children = (
				F40AC6F7200EC24B0090AFF0 /* UIImageView+DownloadImage.swift */,
				F40AC6FC200EDB1A0090AFF0 /* DimmingPresentationController.swift */,
				F421B4F52012C47900D5FF11 /* GradientView.swift */,
				F421B4F72012CC4C00D5FF11 /* BounceAnimationController.swift */,
				F421B4F92012D69100D5FF11 /* SlideOutAnimationController.swift */,
			);
			path = utils;
			sourceTree = "<group>";
		};
		F4534FBC200A96C800262B29 /* cell */ = {
			isa = PBXGroup;
			children = (
				F401B48220057F96004C487C /* SearchResultCell.swift */,
			);
			path = cell;
			sourceTree = "<group>";
		};
		F4534FBD200A96CD00262B29 /* model */ = {
			isa = PBXGroup;
			children = (
				F4553B1720051A2100884392 /* SearchResult.swift */,
			);
			path = model;
			sourceTree = "<group>";
		};
		F4534FBE200A96D300262B29 /* controller */ = {
			isa = PBXGroup;
			children = (
				F4553B0520050E9E00884392 /* SearchViewController.swift */,
				F40AC6FA200ED2A20090AFF0 /* DetailViewController.swift */,
				F418E06420163850002FDC60 /* LandscapeViewController.swift */,
			);
			path = controller;
			sourceTree = "<group>";
		};
		F4553AF720050E9D00884392 = {
			isa = PBXGroup;
			children = (
				F4553B0220050E9E00884392 /* procura */,
				F4553B0120050E9E00884392 /* Products */,
			);
			sourceTree = "<group>";
		};
		F4553B0120050E9E00884392 /* Products */ = {
			isa = PBXGroup;
			children = (
				F4553B0020050E9E00884392 /* procura.app */,
			);
			name = Products;
			sourceTree = "<group>";
		};
		F4553B0220050E9E00884392 /* procura */ = {
			isa = PBXGroup;
			children = (
				F4553B1520050F1F00884392 /* .gitignore */,
				F4553B0320050E9E00884392 /* AppDelegate.swift */,
				F4534FBE200A96D300262B29 /* controller */,
				F4534FBD200A96CD00262B29 /* model */,
				F4534FBC200A96C800262B29 /* cell */,
				F40AC6F9200EC24F0090AFF0 /* utils */,
				F401B48620058CD3004C487C /* storyboard */,
				F4553B0A20050E9E00884392 /* Assets.xcassets */,
				F4553B0F20050E9E00884392 /* Info.plist */,
			);
			path = procura;
			sourceTree = "<group>";
		};
/* End PBXGroup section */

/* Begin PBXNativeTarget section */
		F4553AFF20050E9E00884392 /* procura */ = {
			isa = PBXNativeTarget;
			buildConfigurationList = F4553B1220050E9E00884392 /* Build configuration list for PBXNativeTarget "procura" */;
			buildPhases = (
				F4553AFC20050E9E00884392 /* Sources */,
				F4553AFD20050E9E00884392 /* Frameworks */,
				F4553AFE20050E9E00884392 /* Resources */,
			);
			buildRules = (
			);
			dependencies = (
			);
			name = procura;
			productName = procura;
			productReference = F4553B0020050E9E00884392 /* procura.app */;
			productType = "com.apple.product-type.application";
		};
/* End PBXNativeTarget section */

/* Begin PBXProject section */
		F4553AF820050E9D00884392 /* Project object */ = {
			isa = PBXProject;
			attributes = {
				LastSwiftUpdateCheck = 0920;
				LastUpgradeCheck = 0920;
				ORGANIZATIONNAME = "Bruno Lemgruber";
				TargetAttributes = {
					F4553AFF20050E9E00884392 = {
						CreatedOnToolsVersion = 9.2;
						ProvisioningStyle = Automatic;
					};
				};
			};
			buildConfigurationList = F4553AFB20050E9D00884392 /* Build configuration list for PBXProject "procura" */;
			compatibilityVersion = "Xcode 8.0";
			developmentRegion = en;
			hasScannedForEncodings = 0;
			knownRegions = (
				en,
				Base,
			);
			mainGroup = F4553AF720050E9D00884392;
			productRefGroup = F4553B0120050E9E00884392 /* Products */;
			projectDirPath = "";
			projectRoot = "";
			targets = (
				F4553AFF20050E9E00884392 /* procura */,
			);
		};
/* End PBXProject section */

/* Begin PBXResourcesBuildPhase section */
		F4553AFE20050E9E00884392 /* Resources */ = {
			isa = PBXResourcesBuildPhase;
			buildActionMask = 2147483647;
			files = (
				F4534FC0200A9E1E00262B29 /* LoadingCell.xib in Resources */,
				F4553B1620050F1F00884392 /* .gitignore in Resources */,
				F401B48120057D41004C487C /* SearchResultCell.xib in Resources */,
				F401B48520058139004C487C /* NothingFoundCell.xib in Resources */,
				F4553B0B20050E9E00884392 /* Assets.xcassets in Resources */,
				F4553B0920050E9E00884392 /* Main.storyboard in Resources */,
			);
			runOnlyForDeploymentPostprocessing = 0;
		};
/* End PBXResourcesBuildPhase section */

/* Begin PBXSourcesBuildPhase section */
		F4553AFC20050E9E00884392 /* Sources */ = {
			isa = PBXSourcesBuildPhase;
			buildActionMask = 2147483647;
			files = (
				F4553B0620050E9E00884392 /* SearchViewController.swift in Sources */,
				F40AC6FD200EDB1A0090AFF0 /* DimmingPresentationController.swift in Sources */,
				F4553B1820051A2100884392 /* SearchResult.swift in Sources */,
				F401B48320057F96004C487C /* SearchResultCell.swift in Sources */,
				F421B4F82012CC4C00D5FF11 /* BounceAnimationController.swift in Sources */,
				F418E06520163850002FDC60 /* LandscapeViewController.swift in Sources */,
				F40AC6FB200ED2A20090AFF0 /* DetailViewController.swift in Sources */,
				F4553B0420050E9E00884392 /* AppDelegate.swift in Sources */,
				F421B4F62012C47900D5FF11 /* GradientView.swift in Sources */,
				F40AC6F8200EC24B0090AFF0 /* UIImageView+DownloadImage.swift in Sources */,
				F421B4FA2012D69100D5FF11 /* SlideOutAnimationController.swift in Sources */,
			);
			runOnlyForDeploymentPostprocessing = 0;
		};
/* End PBXSourcesBuildPhase section */

/* Begin PBXVariantGroup section */
		F4553B0720050E9E00884392 /* Main.storyboard */ = {
			isa = PBXVariantGroup;
			children = (
				F4553B0820050E9E00884392 /* Base */,
			);
			name = Main.storyboard;
			sourceTree = "<group>";
		};
/* End PBXVariantGroup section */

/* Begin XCBuildConfiguration section */
		F4553B1020050E9E00884392 /* Debug */ = {
			isa = XCBuildConfiguration;
			buildSettings = {
				ALWAYS_SEARCH_USER_PATHS = NO;
				CLANG_ANALYZER_NONNULL = YES;
				CLANG_ANALYZER_NUMBER_OBJECT_CONVERSION = YES_AGGRESSIVE;
				CLANG_CXX_LANGUAGE_STANDARD = "gnu++14";
				CLANG_CXX_LIBRARY = "libc++";
				CLANG_ENABLE_MODULES = YES;
				CLANG_ENABLE_OBJC_ARC = YES;
				CLANG_WARN_BLOCK_CAPTURE_AUTORELEASING = YES;
				CLANG_WARN_BOOL_CONVERSION = YES;
				CLANG_WARN_COMMA = YES;
				CLANG_WARN_CONSTANT_CONVERSION = YES;
				CLANG_WARN_DIRECT_OBJC_ISA_USAGE = YES_ERROR;
				CLANG_WARN_DOCUMENTATION_COMMENTS = YES;
				CLANG_WARN_EMPTY_BODY = YES;
				CLANG_WARN_ENUM_CONVERSION = YES;
				CLANG_WARN_INFINITE_RECURSION = YES;
				CLANG_WARN_INT_CONVERSION = YES;
				CLANG_WARN_NON_LITERAL_NULL_CONVERSION = YES;
				CLANG_WARN_OBJC_LITERAL_CONVERSION = YES;
				CLANG_WARN_OBJC_ROOT_CLASS = YES_ERROR;
				CLANG_WARN_RANGE_LOOP_ANALYSIS = YES;
				CLANG_WARN_STRICT_PROTOTYPES = YES;
				CLANG_WARN_SUSPICIOUS_MOVE = YES;
				CLANG_WARN_UNGUARDED_AVAILABILITY = YES_AGGRESSIVE;
				CLANG_WARN_UNREACHABLE_CODE = YES;
				CLANG_WARN__DUPLICATE_METHOD_MATCH = YES;
				CODE_SIGN_IDENTITY = "iPhone Developer";
				COPY_PHASE_STRIP = NO;
				DEBUG_INFORMATION_FORMAT = dwarf;
				ENABLE_STRICT_OBJC_MSGSEND = YES;
				ENABLE_TESTABILITY = YES;
				GCC_C_LANGUAGE_STANDARD = gnu11;
				GCC_DYNAMIC_NO_PIC = NO;
				GCC_NO_COMMON_BLOCKS = YES;
				GCC_OPTIMIZATION_LEVEL = 0;
				GCC_PREPROCESSOR_DEFINITIONS = (
					"DEBUG=1",
					"$(inherited)",
				);
				GCC_WARN_64_TO_32_BIT_CONVERSION = YES;
				GCC_WARN_ABOUT_RETURN_TYPE = YES_ERROR;
				GCC_WARN_UNDECLARED_SELECTOR = YES;
				GCC_WARN_UNINITIALIZED_AUTOS = YES_AGGRESSIVE;
				GCC_WARN_UNUSED_FUNCTION = YES;
				GCC_WARN_UNUSED_VARIABLE = YES;
				IPHONEOS_DEPLOYMENT_TARGET = 11.2;
				MTL_ENABLE_DEBUG_INFO = YES;
				ONLY_ACTIVE_ARCH = YES;
				SDKROOT = iphoneos;
				SWIFT_ACTIVE_COMPILATION_CONDITIONS = DEBUG;
				SWIFT_OPTIMIZATION_LEVEL = "-Onone";
			};
			name = Debug;
		};
		F4553B1120050E9E00884392 /* Release */ = {
			isa = XCBuildConfiguration;
			buildSettings = {
				ALWAYS_SEARCH_USER_PATHS = NO;
				CLANG_ANALYZER_NONNULL = YES;
				CLANG_ANALYZER_NUMBER_OBJECT_CONVERSION = YES_AGGRESSIVE;
				CLANG_CXX_LANGUAGE_STANDARD = "gnu++14";
				CLANG_CXX_LIBRARY = "libc++";
				CLANG_ENABLE_MODULES = YES;
				CLANG_ENABLE_OBJC_ARC = YES;
				CLANG_WARN_BLOCK_CAPTURE_AUTORELEASING = YES;
				CLANG_WARN_BOOL_CONVERSION = YES;
				CLANG_WARN_COMMA = YES;
				CLANG_WARN_CONSTANT_CONVERSION = YES;
				CLANG_WARN_DIRECT_OBJC_ISA_USAGE = YES_ERROR;
				CLANG_WARN_DOCUMENTATION_COMMENTS = YES;
				CLANG_WARN_EMPTY_BODY = YES;
				CLANG_WARN_ENUM_CONVERSION = YES;
				CLANG_WARN_INFINITE_RECURSION = YES;
				CLANG_WARN_INT_CONVERSION = YES;
				CLANG_WARN_NON_LITERAL_NULL_CONVERSION = YES;
				CLANG_WARN_OBJC_LITERAL_CONVERSION = YES;
				CLANG_WARN_OBJC_ROOT_CLASS = YES_ERROR;
				CLANG_WARN_RANGE_LOOP_ANALYSIS = YES;
				CLANG_WARN_STRICT_PROTOTYPES = YES;
				CLANG_WARN_SUSPICIOUS_MOVE = YES;
				CLANG_WARN_UNGUARDED_AVAILABILITY = YES_AGGRESSIVE;
				CLANG_WARN_UNREACHABLE_CODE = YES;
				CLANG_WARN__DUPLICATE_METHOD_MATCH = YES;
				CODE_SIGN_IDENTITY = "iPhone Developer";
				COPY_PHASE_STRIP = NO;
				DEBUG_INFORMATION_FORMAT = "dwarf-with-dsym";
				ENABLE_NS_ASSERTIONS = NO;
				ENABLE_STRICT_OBJC_MSGSEND = YES;
				GCC_C_LANGUAGE_STANDARD = gnu11;
				GCC_NO_COMMON_BLOCKS = YES;
				GCC_WARN_64_TO_32_BIT_CONVERSION = YES;
				GCC_WARN_ABOUT_RETURN_TYPE = YES_ERROR;
				GCC_WARN_UNDECLARED_SELECTOR = YES;
				GCC_WARN_UNINITIALIZED_AUTOS = YES_AGGRESSIVE;
				GCC_WARN_UNUSED_FUNCTION = YES;
				GCC_WARN_UNUSED_VARIABLE = YES;
				IPHONEOS_DEPLOYMENT_TARGET = 11.2;
				MTL_ENABLE_DEBUG_INFO = NO;
				SDKROOT = iphoneos;
				SWIFT_OPTIMIZATION_LEVEL = "-Owholemodule";
				VALIDATE_PRODUCT = YES;
			};
			name = Release;
		};
		F4553B1320050E9E00884392 /* Debug */ = {
			isa = XCBuildConfiguration;
			buildSettings = {
				ASSETCATALOG_COMPILER_APPICON_NAME = AppIcon;
				CODE_SIGN_STYLE = Automatic;
				DEVELOPMENT_TEAM = 8UW672R5KC;
				INFOPLIST_FILE = procura/Info.plist;
				LD_RUNPATH_SEARCH_PATHS = "$(inherited) @executable_path/Frameworks";
				PRODUCT_BUNDLE_IDENTIFIER = br.com.procura;
				PRODUCT_NAME = "$(TARGET_NAME)";
				SWIFT_VERSION = 4.0;
				TARGETED_DEVICE_FAMILY = "1,2";
			};
			name = Debug;
		};
		F4553B1420050E9E00884392 /* Release */ = {
			isa = XCBuildConfiguration;
			buildSettings = {
				ASSETCATALOG_COMPILER_APPICON_NAME = AppIcon;
				CODE_SIGN_STYLE = Automatic;
				DEVELOPMENT_TEAM = 8UW672R5KC;
				INFOPLIST_FILE = procura/Info.plist;
				LD_RUNPATH_SEARCH_PATHS = "$(inherited) @executable_path/Frameworks";
				PRODUCT_BUNDLE_IDENTIFIER = br.com.procura;
				PRODUCT_NAME = "$(TARGET_NAME)";
				SWIFT_VERSION = 4.0;
				TARGETED_DEVICE_FAMILY = "1,2";
			};
			name = Release;
		};
/* End XCBuildConfiguration section */

/* Begin XCConfigurationList section */
		F4553AFB20050E9D00884392 /* Build configuration list for PBXProject "procura" */ = {
			isa = XCConfigurationList;
			buildConfigurations = (
				F4553B1020050E9E00884392 /* Debug */,
				F4553B1120050E9E00884392 /* Release */,
			);
			defaultConfigurationIsVisible = 0;
			defaultConfigurationName = Release;
		};
		F4553B1220050E9E00884392 /* Build configuration list for PBXNativeTarget "procura" */ = {
			isa = XCConfigurationList;
			buildConfigurations = (
				F4553B1320050E9E00884392 /* Debug */,
				F4553B1420050E9E00884392 /* Release */,
			);
			defaultConfigurationIsVisible = 0;
			defaultConfigurationName = Release;
		};
/* End XCConfigurationList section */
	};
	rootObject = F4553AF820050E9D00884392 /* Project object */;
}
